
Microsoft Visual Studio Solution File, Format Version 12.00
# Visual Studio Version 17
VisualStudioVersion = 17.0.31912.275
MinimumVisualStudioVersion = 10.0.40219.1
Project("{9A19103F-16F7-4668-BE54-9A1E7A4F7556}") = "VrRetreat.Tests", "VrRetreat.Tests\VrRetreat.Tests.csproj", "{23C5D8F1-8A0D-4E23-8E09-15AA93D26E0B}"
EndProject
Project("{9A19103F-16F7-4668-BE54-9A1E7A4F7556}") = "VrRetreat.Core", "VrRetreat.Core\VrRetreat.Core.csproj", "{FB1DF9ED-E552-4A3D-9978-8BD4DDFC77AA}"
EndProject
Project("{9A19103F-16F7-4668-BE54-9A1E7A4F7556}") = "VrRetreat.WebApp", "VrRetreat.WebApp\VrRetreat.WebApp.csproj", "{32545759-CC3B-49DE-9B61-7848E8F74184}"
EndProject
Project("{9A19103F-16F7-4668-BE54-9A1E7A4F7556}") = "VrRetreat.Infrastructure", "VrRetreat.Infrastructure\VrRetreat.Infrastructure.csproj", "{9BF0611F-ABAE-4DF9-A86D-9A412B48485A}"
EndProject
Project("{FAE04EC0-301F-11D3-BF4B-00C04F79EFBC}") = "VrRetreat.BackgroundWorker", "VrRetreat.BackgroundWorker\VrRetreat.BackgroundWorker.csproj", "{AD2B3B8C-A8AE-4F1E-973F-923CFF760AA0}"
EndProject
Global
	GlobalSection(SolutionConfigurationPlatforms) = preSolution
		Debug|Any CPU = Debug|Any CPU
		Release|Any CPU = Release|Any CPU
	EndGlobalSection
	GlobalSection(ProjectConfigurationPlatforms) = postSolution
		{23C5D8F1-8A0D-4E23-8E09-15AA93D26E0B}.Debug|Any CPU.ActiveCfg = Debug|Any CPU
		{23C5D8F1-8A0D-4E23-8E09-15AA93D26E0B}.Debug|Any CPU.Build.0 = Debug|Any CPU
		{23C5D8F1-8A0D-4E23-8E09-15AA93D26E0B}.Release|Any CPU.ActiveCfg = Release|Any CPU
		{23C5D8F1-8A0D-4E23-8E09-15AA93D26E0B}.Release|Any CPU.Build.0 = Release|Any CPU
		{FB1DF9ED-E552-4A3D-9978-8BD4DDFC77AA}.Debug|Any CPU.ActiveCfg = Debug|Any CPU
		{FB1DF9ED-E552-4A3D-9978-8BD4DDFC77AA}.Debug|Any CPU.Build.0 = Debug|Any CPU
		{FB1DF9ED-E552-4A3D-9978-8BD4DDFC77AA}.Release|Any CPU.ActiveCfg = Release|Any CPU
		{FB1DF9ED-E552-4A3D-9978-8BD4DDFC77AA}.Release|Any CPU.Build.0 = Release|Any CPU
		{32545759-CC3B-49DE-9B61-7848E8F74184}.Debug|Any CPU.ActiveCfg = Debug|Any CPU
		{32545759-CC3B-49DE-9B61-7848E8F74184}.Debug|Any CPU.Build.0 = Debug|Any CPU
		{32545759-CC3B-49DE-9B61-7848E8F74184}.Release|Any CPU.ActiveCfg = Release|Any CPU
		{32545759-CC3B-49DE-9B61-7848E8F74184}.Release|Any CPU.Build.0 = Release|Any CPU
		{9BF0611F-ABAE-4DF9-A86D-9A412B48485A}.Debug|Any CPU.ActiveCfg = Debug|Any CPU
		{9BF0611F-ABAE-4DF9-A86D-9A412B48485A}.Debug|Any CPU.Build.0 = Debug|Any CPU
		{9BF0611F-ABAE-4DF9-A86D-9A412B48485A}.Release|Any CPU.ActiveCfg = Release|Any CPU
		{9BF0611F-ABAE-4DF9-A86D-9A412B48485A}.Release|Any CPU.Build.0 = Release|Any CPU
		{AD2B3B8C-A8AE-4F1E-973F-923CFF760AA0}.Debug|Any CPU.ActiveCfg = Debug|Any CPU
		{AD2B3B8C-A8AE-4F1E-973F-923CFF760AA0}.Debug|Any CPU.Build.0 = Debug|Any CPU
		{AD2B3B8C-A8AE-4F1E-973F-923CFF760AA0}.Release|Any CPU.ActiveCfg = Release|Any CPU
		{AD2B3B8C-A8AE-4F1E-973F-923CFF760AA0}.Release|Any CPU.Build.0 = Release|Any CPU
	EndGlobalSection
	GlobalSection(SolutionProperties) = preSolution
		HideSolutionNode = FALSE
	EndGlobalSection
	GlobalSection(ExtensibilityGlobals) = postSolution
		SolutionGuid = {EAF1D43A-8913-461D-A3A0-3D646E9537B2}
	EndGlobalSection
EndGlobal
